{
  "name": "type-challenges",
  "version": "1.0.0",
  "lockfileVersion": 1,
  "requires": true,
  "dependencies": {
    "@type-challenges/utils": {
      "version": "0.1.1",
      "resolved": "https://npm.corp.kuaishou.com/@type-challenges%2futils/-/utils-0.1.1.tgz",
      "integrity": "sha1-GM4on7hMrxwT7uIRIm2/K8YZXtM="
    }
  }
}
